
Microsoft Visual Studio Solution File, Format Version 12.00
# Visual Studio Version 16
VisualStudioVersion = 16.0.29025.244
MinimumVisualStudioVersion = 10.0.40219.1
Project("{FAE04EC0-301F-11D3-BF4B-00C04F79EFBC}") = "EngineProject", "EngineProject.csproj", "{52D61FC8-7730-4EE5-B4CF-00CDAA2FC684}"
EndProject
Global
	GlobalSection(SolutionConfigurationPlatforms) = preSolution
		Debug|Any CPU = Debug|Any CPU
		Release|Any CPU = Release|Any CPU
	EndGlobalSection
	GlobalSection(ProjectConfigurationPlatforms) = postSolution
		{52D61FC8-7730-4EE5-B4CF-00CDAA2FC684}.Debug|Any CPU.ActiveCfg = Debug|Any CPU
		{52D61FC8-7730-4EE5-B4CF-00CDAA2FC684}.Debug|Any CPU.Build.0 = Debug|Any CPU
		{52D61FC8-7730-4EE5-B4CF-00CDAA2FC684}.Release|Any CPU.ActiveCfg = Release|Any CPU
		{52D61FC8-7730-4EE5-B4CF-00CDAA2FC684}.Release|Any CPU.Build.0 = Release|Any CPU
	EndGlobalSection
	GlobalSection(SolutionProperties) = preSolution
		HideSolutionNode = FALSE
	EndGlobalSection
	GlobalSection(ExtensibilityGlobals) = postSolution
		SolutionGuid = {710D18DB-8BEE-4FE1-BFF1-407C2C44D7BC}
	EndGlobalSection
EndGlobal
